// !$*UTF8*$!
{
	archiveVersion = 1;
	classes = {
	};
	objectVersion = 46;
	objects = {

/* Begin PBXBuildFile section */
		093234EA1D94C8F000562761 /* AppDelegate.m in Sources */ = {isa = PBXBuildFile; fileRef = 093234E91D94C8F000562761 /* AppDelegate.m */; };
		093234ED1D94C8F000562761 /* main.m in Sources */ = {isa = PBXBuildFile; fileRef = 093234EC1D94C8F000562761 /* main.m */; };
		093234EF1D94C8F000562761 /* Assets.xcassets in Resources */ = {isa = PBXBuildFile; fileRef = 093234EE1D94C8F000562761 /* Assets.xcassets */; };
		093234F21D94C8F000562761 /* MainMenu.xib in Resources */ = {isa = PBXBuildFile; fileRef = 093234F01D94C8F000562761 /* MainMenu.xib */; };
/* End PBXBuildFile section */

/* Begin PBXFileReference section */
		093234E51D94C8EF00562761 /* JRSourceExtension.app */ = {isa = PBXFileReference; explicitFileType = wrapper.application; includeInIndex = 0; path = JRSourceExtension.app; sourceTree = BUILT_PRODUCTS_DIR; };
		093234E81D94C8EF00562761 /* AppDelegate.h */ = {isa = PBXFileReference; lastKnownFileType = sourcecode.c.h; path = AppDelegate.h; sourceTree = "<group>"; };
		093234E91D94C8F000562761 /* AppDelegate.m */ = {isa = PBXFileReference; lastKnownFileType = sourcecode.c.objc; path = AppDelegate.m; sourceTree = "<group>"; };
		093234EC1D94C8F000562761 /* main.m */ = {isa = PBXFileReference; lastKnownFileType = sourcecode.c.objc; path = main.m; sourceTree = "<group>"; };
		093234EE1D94C8F000562761 /* Assets.xcassets */ = {isa = PBXFileReference; lastKnownFileType = folder.assetcatalog; path = Assets.xcassets; sourceTree = "<group>"; };
		093234F11D94C8F000562761 /* Base */ = {isa = PBXFileReference; lastKnownFileType = file.xib; name = Base; path = Base.lproj/MainMenu.xib; sourceTree = "<group>"; };
		093234F31D94C8F000562761 /* Info.plist */ = {isa = PBXFileReference; lastKnownFileType = text.plist.xml; path = Info.plist; sourceTree = "<group>"; };
/* End PBXFileReference section */

/* Begin PBXFrameworksBuildPhase section */
		093234E21D94C8EF00562761 /* Frameworks */ = {
			isa = PBXFrameworksBuildPhase;
			buildActionMask = 2147483647;
			files = (
			);
			runOnlyForDeploymentPostprocessing = 0;
		};
/* End PBXFrameworksBuildPhase section */

/* Begin PBXGroup section */
		093234DC1D94C8EF00562761 = {
			isa = PBXGroup;
			children = (
				093234E71D94C8EF00562761 /* JRSourceExtension */,
				093234E61D94C8EF00562761 /* Products */,
			);
			sourceTree = "<group>";
		};
		093234E61D94C8EF00562761 /* Products */ = {
			isa = PBXGroup;
			children = (
				093234E51D94C8EF00562761 /* JRSourceExtension.app */,
			);
			name = Products;
			sourceTree = "<group>";
		};
		093234E71D94C8EF00562761 /* JRSourceExtension */ = {
			isa = PBXGroup;
			children = (
				093234E81D94C8EF00562761 /* AppDelegate.h */,
				093234E91D94C8F000562761 /* AppDelegate.m */,
				093234EE1D94C8F000562761 /* Assets.xcassets */,
				093234F01D94C8F000562761 /* MainMenu.xib */,
				093234F31D94C8F000562761 /* Info.plist */,
				093234EB1D94C8F000562761 /* Supporting Files */,
			);
			path = JRSourceExtension;
			sourceTree = "<group>";
		};
		093234EB1D94C8F000562761 /* Supporting Files */ = {
			isa = PBXGroup;
			children = (
				093234EC1D94C8F000562761 /* main.m */,
			);
			name = "Supporting Files";
			sourceTree = "<group>";
		};
/* End PBXGroup section */

/* Begin PBXNativeTarget section */
		093234E41D94C8EF00562761 /* JRSourceExtension */ = {
			isa = PBXNativeTarget;
			buildConfigurationList = 093234F61D94C8F000562761 /* Build configuration list for PBXNativeTarget "JRSourceExtension" */;
			buildPhases = (
				093234E11D94C8EF00562761 /* Sources */,
				093234E21D94C8EF00562761 /* Frameworks */,
				093234E31D94C8EF00562761 /* Resources */,
			);
			buildRules = (
			);
			dependencies = (
			);
			name = JRSourceExtension;
			productName = JRSourceExtension;
			productReference = 093234E51D94C8EF00562761 /* JRSourceExtension.app */;
			productType = "com.apple.product-type.application";
		};
/* End PBXNativeTarget section */

/* Begin PBXProject section */
		093234DD1D94C8EF00562761 /* Project object */ = {
			isa = PBXProject;
			attributes = {
				LastUpgradeCheck = 0800;
				ORGANIZATIONNAME = J;
				TargetAttributes = {
					093234E41D94C8EF00562761 = {
						CreatedOnToolsVersion = 8.0;
						DevelopmentTeam = 462J8VB29Y;
						ProvisioningStyle = Automatic;
					};
				};
			};
			buildConfigurationList = 093234E01D94C8EF00562761 /* Build configuration list for PBXProject "JRSourceExtension" */;
			compatibilityVersion = "Xcode 3.2";
			developmentRegion = English;
			hasScannedForEncodings = 0;
			knownRegions = (
				en,
				Base,
			);
			mainGroup = 093234DC1D94C8EF00562761;
			productRefGroup = 093234E61D94C8EF00562761 /* Products */;
			projectDirPath = "";
			projectRoot = "";
			targets = (
				093234E41D94C8EF00562761 /* JRSourceExtension */,
			);
		};
/* End PBXProject section */

/* Begin PBXResourcesBuildPhase section */
		093234E31D94C8EF00562761 /* Resources */ = {
			isa = PBXResourcesBuildPhase;
			buildActionMask = 2147483647;
			files = (
				093234EF1D94C8F000562761 /* Assets.xcassets in Resources */,
				093234F21D94C8F000562761 /* MainMenu.xib in Resources */,
			);
			runOnlyForDeploymentPostprocessing = 0;
		};
/* End PBXResourcesBuildPhase section */

/* Begin PBXSourcesBuildPhase section */
		093234E11D94C8EF00562761 /* Sources */ = {
			isa = PBXSourcesBuildPhase;
			buildActionMask = 2147483647;
			files = (
				093234ED1D94C8F000562761 /* main.m in Sources */,
				093234EA1D94C8F000562761 /* AppDelegate.m in Sources */,
			);
			runOnlyForDeploymentPostprocessing = 0;
		};
/* End PBXSourcesBuildPhase section */

/* Begin PBXVariantGroup section */
		093234F01D94C8F000562761 /* MainMenu.xib */ = {
			isa = PBXVariantGroup;
			children = (
				093234F11D94C8F000562761 /* Base */,
			);
			name = MainMenu.xib;
			sourceTree = "<group>";
		};
/* End PBXVariantGroup section */

/* Begin XCBuildConfiguration section */
		093234F41D94C8F000562761 /* Debug */ = {
			isa = XCBuildConfiguration;
			buildSettings = {
				ALWAYS_SEARCH_USER_PATHS = NO;
				CLANG_ANALYZER_NONNULL = YES;
				CLANG_CXX_LANGUAGE_STANDARD = "gnu++0x";
				CLANG_CXX_LIBRARY = "libc++";
				CLANG_ENABLE_MODULES = YES;
				CLANG_ENABLE_OBJC_ARC = YES;
				CLANG_WARN_BOOL_CONVERSION = YES;
				CLANG_WARN_CONSTANT_CONVERSION = YES;
				CLANG_WARN_DIRECT_OBJC_ISA_USAGE = YES_ERROR;
				CLANG_WARN_DOCUMENTATION_COMMENTS = YES;
				CLANG_WARN_EMPTY_BODY = YES;
				CLANG_WARN_ENUM_CONVERSION = YES;
				CLANG_WARN_INFINITE_RECURSION = YES;
				CLANG_WARN_INT_CONVERSION = YES;
				CLANG_WARN_OBJC_ROOT_CLASS = YES_ERROR;
				CLANG_WARN_SUSPICIOUS_MOVES = YES;
				CLANG_WARN_UNREACHABLE_CODE = YES;
				CLANG_WARN__DUPLICATE_METHOD_MATCH = YES;
				CODE_SIGN_IDENTITY = "-";
				COPY_PHASE_STRIP = NO;
				DEBUG_INFORMATION_FORMAT = dwarf;
				ENABLE_STRICT_OBJC_MSGSEND = YES;
				ENABLE_TESTABILITY = YES;
				GCC_C_LANGUAGE_STANDARD = gnu99;
				GCC_DYNAMIC_NO_PIC = NO;
				GCC_NO_COMMON_BLOCKS = YES;
				GCC_OPTIMIZATION_LEVEL = 0;
				GCC_PREPROCESSOR_DEFINITIONS = (
					"DEBUG=1",
					"$(inherited)",
				);
				GCC_WARN_64_TO_32_BIT_CONVERSION = YES;
				GCC_WARN_ABOUT_RETURN_TYPE = YES_ERROR;
				GCC_WARN_UNDECLARED_SELECTOR = YES;
				GCC_WARN_UNINITIALIZED_AUTOS = YES_AGGRESSIVE;
				GCC_WARN_UNUSED_FUNCTION = YES;
				GCC_WARN_UNUSED_VARIABLE = YES;
				MACOSX_DEPLOYMENT_TARGET = 10.12;
				MTL_ENABLE_DEBUG_INFO = YES;
				ONLY_ACTIVE_ARCH = YES;
				SDKROOT = macosx;
			};
			name = Debug;
		};
		093234F51D94C8F000562761 /* Release */ = {
			isa = XCBuildConfiguration;
			buildSettings = {
				ALWAYS_SEARCH_USER_PATHS = NO;
				CLANG_ANALYZER_NONNULL = YES;
				CLANG_CXX_LANGUAGE_STANDARD = "gnu++0x";
				CLANG_CXX_LIBRARY = "libc++";
				CLANG_ENABLE_MODULES = YES;
				CLANG_ENABLE_OBJC_ARC = YES;
				CLANG_WARN_BOOL_CONVERSION = YES;
				CLANG_WARN_CONSTANT_CONVERSION = YES;
				CLANG_WARN_DIRECT_OBJC_ISA_USAGE = YES_ERROR;
				CLANG_WARN_DOCUMENTATION_COMMENTS = YES;
				CLANG_WARN_EMPTY_BODY = YES;
				CLANG_WARN_ENUM_CONVERSION = YES;
				CLANG_WARN_INFINITE_RECURSION = YES;
				CLANG_WARN_INT_CONVERSION = YES;
				CLANG_WARN_OBJC_ROOT_CLASS = YES_ERROR;
				CLANG_WARN_SUSPICIOUS_MOVES = YES;
				CLANG_WARN_UNREACHABLE_CODE = YES;
				CLANG_WARN__DUPLICATE_METHOD_MATCH = YES;
				CODE_SIGN_IDENTITY = "-";
				COPY_PHASE_STRIP = NO;
				DEBUG_INFORMATION_FORMAT = "dwarf-with-dsym";
				ENABLE_NS_ASSERTIONS = NO;
				ENABLE_STRICT_OBJC_MSGSEND = YES;
				GCC_C_LANGUAGE_STANDARD = gnu99;
				GCC_NO_COMMON_BLOCKS = YES;
				GCC_WARN_64_TO_32_BIT_CONVERSION = YES;
				GCC_WARN_ABOUT_RETURN_TYPE = YES_ERROR;
				GCC_WARN_UNDECLARED_SELECTOR = YES;
				GCC_WARN_UNINITIALIZED_AUTOS = YES_AGGRESSIVE;
				GCC_WARN_UNUSED_FUNCTION = YES;
				GCC_WARN_UNUSED_VARIABLE = YES;
				MACOSX_DEPLOYMENT_TARGET = 10.12;
				MTL_ENABLE_DEBUG_INFO = NO;
				SDKROOT = macosx;
			};
			name = Release;
		};
		093234F71D94C8F000562761 /* Debug */ = {
			isa = XCBuildConfiguration;
			buildSettings = {
				ASSETCATALOG_COMPILER_APPICON_NAME = AppIcon;
				COMBINE_HIDPI_IMAGES = YES;
				DEVELOPMENT_TEAM = 462J8VB29Y;
				INFOPLIST_FILE = JRSourceExtension/Info.plist;
				LD_RUNPATH_SEARCH_PATHS = "$(inherited) @executable_path/../Frameworks";
				PRODUCT_BUNDLE_IDENTIFIER = com.example.JRSourceExtension;
				PRODUCT_NAME = "$(TARGET_NAME)";
			};
			name = Debug;
		};
		093234F81D94C8F000562761 /* Release */ = {
			isa = XCBuildConfiguration;
			buildSettings = {
				ASSETCATALOG_COMPILER_APPICON_NAME = AppIcon;
				COMBINE_HIDPI_IMAGES = YES;
				DEVELOPMENT_TEAM = 462J8VB29Y;
				INFOPLIST_FILE = JRSourceExtension/Info.plist;
				LD_RUNPATH_SEARCH_PATHS = "$(inherited) @executable_path/../Frameworks";
				PRODUCT_BUNDLE_IDENTIFIER = com.example.JRSourceExtension;
				PRODUCT_NAME = "$(TARGET_NAME)";
			};
			name = Release;
		};
/* End XCBuildConfiguration section */

/* Begin XCConfigurationList section */
		093234E01D94C8EF00562761 /* Build configuration list for PBXProject "JRSourceExtension" */ = {
			isa = XCConfigurationList;
			buildConfigurations = (
				093234F41D94C8F000562761 /* Debug */,
				093234F51D94C8F000562761 /* Release */,
			);
			defaultConfigurationIsVisible = 0;
			defaultConfigurationName = Release;
		};
		093234F61D94C8F000562761 /* Build configuration list for PBXNativeTarget "JRSourceExtension" */ = {
			isa = XCConfigurationList;
			buildConfigurations = (
				093234F71D94C8F000562761 /* Debug */,
				093234F81D94C8F000562761 /* Release */,
			);
			defaultConfigurationIsVisible = 0;
		};
/* End XCConfigurationList section */
	};
	rootObject = 093234DD1D94C8EF00562761 /* Project object */;
}
